
Microsoft Visual Studio Solution File, Format Version 12.00
Project("{FAE04EC0-301F-11D3-BF4B-00C04F79EFBC}") = "LargeFileGenerator", "LargeFileGenerator\LargeFileGenerator.csproj", "{09D43941-C375-41C7-B132-F719BD4AD27D}"
EndProject
Project("{FAE04EC0-301F-11D3-BF4B-00C04F79EFBC}") = "LargeFileSorter", "LargeFileSorter\LargeFileSorter.csproj", "{4D0FA8E1-98C9-435D-A4D1-F8B984E011C8}"
EndProject
Project("{2150E333-8FDC-42A3-9474-1A3956D46DE8}") = "SolutionItems", "SolutionItems", "{2DAAA367-5863-4D6E-AFE7-A05AB231F30D}"
	ProjectSection(SolutionItems) = preProject
		..\.gitignore = ..\.gitignore
		..\README.md = ..\README.md
	EndProjectSection
EndProject
Global
	GlobalSection(SolutionConfigurationPlatforms) = preSolution
		Debug|Any CPU = Debug|Any CPU
		Release|Any CPU = Release|Any CPU
	EndGlobalSection
	GlobalSection(ProjectConfigurationPlatforms) = postSolution
		{09D43941-C375-41C7-B132-F719BD4AD27D}.Debug|Any CPU.ActiveCfg = Debug|Any CPU
		{09D43941-C375-41C7-B132-F719BD4AD27D}.Debug|Any CPU.Build.0 = Debug|Any CPU
		{09D43941-C375-41C7-B132-F719BD4AD27D}.Release|Any CPU.ActiveCfg = Release|Any CPU
		{09D43941-C375-41C7-B132-F719BD4AD27D}.Release|Any CPU.Build.0 = Release|Any CPU
		{4D0FA8E1-98C9-435D-A4D1-F8B984E011C8}.Debug|Any CPU.ActiveCfg = Debug|Any CPU
		{4D0FA8E1-98C9-435D-A4D1-F8B984E011C8}.Debug|Any CPU.Build.0 = Debug|Any CPU
		{4D0FA8E1-98C9-435D-A4D1-F8B984E011C8}.Release|Any CPU.ActiveCfg = Release|Any CPU
		{4D0FA8E1-98C9-435D-A4D1-F8B984E011C8}.Release|Any CPU.Build.0 = Release|Any CPU
	EndGlobalSection
EndGlobal
